
Microsoft Visual Studio Solution File, Format Version 12.00
# Visual Studio 14
VisualStudioVersion = 14.0.25420.1
MinimumVisualStudioVersion = 10.0.40219.1
Project("{2150E333-8FDC-42A3-9474-1A3956D46DE8}") = "1 - UnitTesting", "1 - UnitTesting", "{305C5E25-FA77-4DE7-BDEE-90AE76E8562B}"
EndProject
Project("{FAE04EC0-301F-11D3-BF4B-00C04F79EFBC}") = "Calculator", "Calculator\Calculator.csproj", "{2D4CE872-F57D-4FE9-96DB-8E8FA56FDB82}"
EndProject
Project("{FAE04EC0-301F-11D3-BF4B-00C04F79EFBC}") = "Calculator.Tests", "Calculator.Tests\Calculator.Tests.csproj", "{3CEF2B31-2544-4BC1-93D9-14838BB2B507}"
EndProject
Project("{2150E333-8FDC-42A3-9474-1A3956D46DE8}") = "2 - TDD", "2 - TDD", "{073E51A0-9742-4182-A8EA-DC368E71B09F}"
EndProject
Project("{FAE04EC0-301F-11D3-BF4B-00C04F79EFBC}") = "TDD", "TDD\TDD.csproj", "{66C1A39A-948E-405A-A2D2-9C9DAC98AA5C}"
EndProject
Project("{FAE04EC0-301F-11D3-BF4B-00C04F79EFBC}") = "TDD.Tests", "TDD.Tests\TDD.Tests.csproj", "{955F6DB0-8783-44A3-B1E4-FBCE8C2F9FAA}"
EndProject
Project("{2150E333-8FDC-42A3-9474-1A3956D46DE8}") = "3 - Complex Testing", "3 - Complex Testing", "{AA368313-D1BE-4FCB-B6C2-CF56FBB40456}"
EndProject
Project("{FAE04EC0-301F-11D3-BF4B-00C04F79EFBC}") = "ComplexTesting", "ComplexTesting\ComplexTesting.csproj", "{1E96B2A9-99EF-4681-B43C-1892B614D7B1}"
EndProject
Project("{FAE04EC0-301F-11D3-BF4B-00C04F79EFBC}") = "ComplexTesting.Tests", "ComplexTesting.Tests\ComplexTesting.Tests.csproj", "{6839CD2D-82D3-4AE1-8A74-7366F57B82FF}"
EndProject
Project("{2150E333-8FDC-42A3-9474-1A3956D46DE8}") = "4 - BDD", "4 - BDD", "{91E7026F-DC96-457B-B58C-88D1BAF36E60}"
EndProject
Project("{FAE04EC0-301F-11D3-BF4B-00C04F79EFBC}") = "BDD", "BDD\BDD.csproj", "{D30A9116-2535-4E9C-A67B-EC24931C88A1}"
EndProject
Project("{FAE04EC0-301F-11D3-BF4B-00C04F79EFBC}") = "BDD.Tests", "BDD.Tests\BDD.Tests.csproj", "{7311F6A5-448B-46EF-B4F1-D577018D86EB}"
EndProject
Project("{2150E333-8FDC-42A3-9474-1A3956D46DE8}") = "5 - Microservices", "5 - Microservices", "{A9E0580A-F90B-4478-B5A3-08CAD223D796}"
EndProject
Project("{2150E333-8FDC-42A3-9474-1A3956D46DE8}") = "6 - Legacy Code", "6 - Legacy Code", "{7570F7B3-97D9-4A19-A698-49DEBEBAC99E}"
EndProject
Project("{FAE04EC0-301F-11D3-BF4B-00C04F79EFBC}") = "TDDAir", "TDDAir\TDDAir.csproj", "{A6F1FBFB-E1B6-4B41-B475-62EF8FDD471F}"
EndProject
Project("{FAE04EC0-301F-11D3-BF4B-00C04F79EFBC}") = "TDDAir.Tests", "TDDAir.Tests\TDDAir.Tests.csproj", "{A37B24F4-FAD0-471E-8A38-A7FCF65A2A6E}"
EndProject
Project("{2150E333-8FDC-42A3-9474-1A3956D46DE8}") = "lib", "lib", "{0CC3159B-1936-424D-951D-2AC5C4EF9478}"
	ProjectSection(SolutionItems) = preProject
		lib\TechTalk.SpecFlow.dll = lib\TechTalk.SpecFlow.dll
		lib\TechTalk.SpecFlow.pdb = lib\TechTalk.SpecFlow.pdb
	EndProjectSection
EndProject
Global
	GlobalSection(SolutionConfigurationPlatforms) = preSolution
		Debug|Any CPU = Debug|Any CPU
		Release|Any CPU = Release|Any CPU
	EndGlobalSection
	GlobalSection(ProjectConfigurationPlatforms) = postSolution
		{2D4CE872-F57D-4FE9-96DB-8E8FA56FDB82}.Debug|Any CPU.ActiveCfg = Debug|Any CPU
		{2D4CE872-F57D-4FE9-96DB-8E8FA56FDB82}.Debug|Any CPU.Build.0 = Debug|Any CPU
		{2D4CE872-F57D-4FE9-96DB-8E8FA56FDB82}.Release|Any CPU.ActiveCfg = Release|Any CPU
		{2D4CE872-F57D-4FE9-96DB-8E8FA56FDB82}.Release|Any CPU.Build.0 = Release|Any CPU
		{3CEF2B31-2544-4BC1-93D9-14838BB2B507}.Debug|Any CPU.ActiveCfg = Debug|Any CPU
		{3CEF2B31-2544-4BC1-93D9-14838BB2B507}.Debug|Any CPU.Build.0 = Debug|Any CPU
		{3CEF2B31-2544-4BC1-93D9-14838BB2B507}.Release|Any CPU.ActiveCfg = Release|Any CPU
		{3CEF2B31-2544-4BC1-93D9-14838BB2B507}.Release|Any CPU.Build.0 = Release|Any CPU
		{66C1A39A-948E-405A-A2D2-9C9DAC98AA5C}.Debug|Any CPU.ActiveCfg = Debug|Any CPU
		{66C1A39A-948E-405A-A2D2-9C9DAC98AA5C}.Debug|Any CPU.Build.0 = Debug|Any CPU
		{66C1A39A-948E-405A-A2D2-9C9DAC98AA5C}.Release|Any CPU.ActiveCfg = Release|Any CPU
		{66C1A39A-948E-405A-A2D2-9C9DAC98AA5C}.Release|Any CPU.Build.0 = Release|Any CPU
		{955F6DB0-8783-44A3-B1E4-FBCE8C2F9FAA}.Debug|Any CPU.ActiveCfg = Debug|Any CPU
		{955F6DB0-8783-44A3-B1E4-FBCE8C2F9FAA}.Debug|Any CPU.Build.0 = Debug|Any CPU
		{955F6DB0-8783-44A3-B1E4-FBCE8C2F9FAA}.Release|Any CPU.ActiveCfg = Release|Any CPU
		{955F6DB0-8783-44A3-B1E4-FBCE8C2F9FAA}.Release|Any CPU.Build.0 = Release|Any CPU
		{1E96B2A9-99EF-4681-B43C-1892B614D7B1}.Debug|Any CPU.ActiveCfg = Debug|Any CPU
		{1E96B2A9-99EF-4681-B43C-1892B614D7B1}.Debug|Any CPU.Build.0 = Debug|Any CPU
		{1E96B2A9-99EF-4681-B43C-1892B614D7B1}.Release|Any CPU.ActiveCfg = Release|Any CPU
		{1E96B2A9-99EF-4681-B43C-1892B614D7B1}.Release|Any CPU.Build.0 = Release|Any CPU
		{6839CD2D-82D3-4AE1-8A74-7366F57B82FF}.Debug|Any CPU.ActiveCfg = Debug|Any CPU
		{6839CD2D-82D3-4AE1-8A74-7366F57B82FF}.Debug|Any CPU.Build.0 = Debug|Any CPU
		{6839CD2D-82D3-4AE1-8A74-7366F57B82FF}.Release|Any CPU.ActiveCfg = Release|Any CPU
		{6839CD2D-82D3-4AE1-8A74-7366F57B82FF}.Release|Any CPU.Build.0 = Release|Any CPU
		{D30A9116-2535-4E9C-A67B-EC24931C88A1}.Debug|Any CPU.ActiveCfg = Debug|Any CPU
		{D30A9116-2535-4E9C-A67B-EC24931C88A1}.Debug|Any CPU.Build.0 = Debug|Any CPU
		{D30A9116-2535-4E9C-A67B-EC24931C88A1}.Release|Any CPU.ActiveCfg = Release|Any CPU
		{D30A9116-2535-4E9C-A67B-EC24931C88A1}.Release|Any CPU.Build.0 = Release|Any CPU
		{7311F6A5-448B-46EF-B4F1-D577018D86EB}.Debug|Any CPU.ActiveCfg = Debug|Any CPU
		{7311F6A5-448B-46EF-B4F1-D577018D86EB}.Debug|Any CPU.Build.0 = Debug|Any CPU
		{7311F6A5-448B-46EF-B4F1-D577018D86EB}.Release|Any CPU.ActiveCfg = Release|Any CPU
		{7311F6A5-448B-46EF-B4F1-D577018D86EB}.Release|Any CPU.Build.0 = Release|Any CPU
		{A6F1FBFB-E1B6-4B41-B475-62EF8FDD471F}.Debug|Any CPU.ActiveCfg = Debug|Any CPU
		{A6F1FBFB-E1B6-4B41-B475-62EF8FDD471F}.Debug|Any CPU.Build.0 = Debug|Any CPU
		{A6F1FBFB-E1B6-4B41-B475-62EF8FDD471F}.Release|Any CPU.ActiveCfg = Release|Any CPU
		{A6F1FBFB-E1B6-4B41-B475-62EF8FDD471F}.Release|Any CPU.Build.0 = Release|Any CPU
		{A37B24F4-FAD0-471E-8A38-A7FCF65A2A6E}.Debug|Any CPU.ActiveCfg = Debug|Any CPU
		{A37B24F4-FAD0-471E-8A38-A7FCF65A2A6E}.Debug|Any CPU.Build.0 = Debug|Any CPU
		{A37B24F4-FAD0-471E-8A38-A7FCF65A2A6E}.Release|Any CPU.ActiveCfg = Release|Any CPU
		{A37B24F4-FAD0-471E-8A38-A7FCF65A2A6E}.Release|Any CPU.Build.0 = Release|Any CPU
	EndGlobalSection
	GlobalSection(SolutionProperties) = preSolution
		HideSolutionNode = FALSE
	EndGlobalSection
	GlobalSection(NestedProjects) = preSolution
		{2D4CE872-F57D-4FE9-96DB-8E8FA56FDB82} = {305C5E25-FA77-4DE7-BDEE-90AE76E8562B}
		{3CEF2B31-2544-4BC1-93D9-14838BB2B507} = {305C5E25-FA77-4DE7-BDEE-90AE76E8562B}
		{66C1A39A-948E-405A-A2D2-9C9DAC98AA5C} = {073E51A0-9742-4182-A8EA-DC368E71B09F}
		{955F6DB0-8783-44A3-B1E4-FBCE8C2F9FAA} = {073E51A0-9742-4182-A8EA-DC368E71B09F}
		{1E96B2A9-99EF-4681-B43C-1892B614D7B1} = {AA368313-D1BE-4FCB-B6C2-CF56FBB40456}
		{6839CD2D-82D3-4AE1-8A74-7366F57B82FF} = {AA368313-D1BE-4FCB-B6C2-CF56FBB40456}
		{D30A9116-2535-4E9C-A67B-EC24931C88A1} = {91E7026F-DC96-457B-B58C-88D1BAF36E60}
		{7311F6A5-448B-46EF-B4F1-D577018D86EB} = {91E7026F-DC96-457B-B58C-88D1BAF36E60}
		{A6F1FBFB-E1B6-4B41-B475-62EF8FDD471F} = {A9E0580A-F90B-4478-B5A3-08CAD223D796}
		{A37B24F4-FAD0-471E-8A38-A7FCF65A2A6E} = {A9E0580A-F90B-4478-B5A3-08CAD223D796}
	EndGlobalSection
EndGlobal
